
Microsoft Visual Studio Solution File, Format Version 12.00
# Visual Studio Version 17
VisualStudioVersion = 17.1.32319.34
MinimumVisualStudioVersion = 10.0.40219.1
Project("{8BC9CEB8-8B4A-11D0-8D11-00A0C91BC942}") = "sample1", "sample1\sample1.vcxproj", "{38EBD94B-9C4C-4579-BD9D-E56A95748918}"
EndProject
Project("{8BC9CEB8-8B4A-11D0-8D11-00A0C91BC942}") = "PriorityBooster", "..\..\wkp_part2\PriorityBooster\PriorityBooster.vcxproj", "{070B0F85-9A42-4526-9B49-4B9E7B8D4179}"
EndProject
Global
	GlobalSection(SolutionConfigurationPlatforms) = preSolution
		Debug|ARM64 = Debug|ARM64
		Debug|x64 = Debug|x64
		Release|ARM64 = Release|ARM64
		Release|x64 = Release|x64
	EndGlobalSection
	GlobalSection(ProjectConfigurationPlatforms) = postSolution
		{38EBD94B-9C4C-4579-BD9D-E56A95748918}.Debug|ARM64.ActiveCfg = Debug|ARM64
		{38EBD94B-9C4C-4579-BD9D-E56A95748918}.Debug|ARM64.Build.0 = Debug|ARM64
		{38EBD94B-9C4C-4579-BD9D-E56A95748918}.Debug|ARM64.Deploy.0 = Debug|ARM64
		{38EBD94B-9C4C-4579-BD9D-E56A95748918}.Debug|x64.ActiveCfg = Debug|x64
		{38EBD94B-9C4C-4579-BD9D-E56A95748918}.Debug|x64.Build.0 = Debug|x64
		{38EBD94B-9C4C-4579-BD9D-E56A95748918}.Debug|x64.Deploy.0 = Debug|x64
		{38EBD94B-9C4C-4579-BD9D-E56A95748918}.Release|ARM64.ActiveCfg = Release|ARM64
		{38EBD94B-9C4C-4579-BD9D-E56A95748918}.Release|ARM64.Build.0 = Release|ARM64
		{38EBD94B-9C4C-4579-BD9D-E56A95748918}.Release|ARM64.Deploy.0 = Release|ARM64
		{38EBD94B-9C4C-4579-BD9D-E56A95748918}.Release|x64.ActiveCfg = Release|x64
		{38EBD94B-9C4C-4579-BD9D-E56A95748918}.Release|x64.Build.0 = Release|x64
		{38EBD94B-9C4C-4579-BD9D-E56A95748918}.Release|x64.Deploy.0 = Release|x64
		{070B0F85-9A42-4526-9B49-4B9E7B8D4179}.Debug|ARM64.ActiveCfg = Debug|ARM64
		{070B0F85-9A42-4526-9B49-4B9E7B8D4179}.Debug|ARM64.Build.0 = Debug|ARM64
		{070B0F85-9A42-4526-9B49-4B9E7B8D4179}.Debug|ARM64.Deploy.0 = Debug|ARM64
		{070B0F85-9A42-4526-9B49-4B9E7B8D4179}.Debug|x64.ActiveCfg = Debug|x64
		{070B0F85-9A42-4526-9B49-4B9E7B8D4179}.Debug|x64.Build.0 = Debug|x64
		{070B0F85-9A42-4526-9B49-4B9E7B8D4179}.Debug|x64.Deploy.0 = Debug|x64
		{070B0F85-9A42-4526-9B49-4B9E7B8D4179}.Release|ARM64.ActiveCfg = Release|ARM64
		{070B0F85-9A42-4526-9B49-4B9E7B8D4179}.Release|ARM64.Build.0 = Release|ARM64
		{070B0F85-9A42-4526-9B49-4B9E7B8D4179}.Release|ARM64.Deploy.0 = Release|ARM64
		{070B0F85-9A42-4526-9B49-4B9E7B8D4179}.Release|x64.ActiveCfg = Release|x64
		{070B0F85-9A42-4526-9B49-4B9E7B8D4179}.Release|x64.Build.0 = Release|x64
		{070B0F85-9A42-4526-9B49-4B9E7B8D4179}.Release|x64.Deploy.0 = Release|x64
	EndGlobalSection
	GlobalSection(SolutionProperties) = preSolution
		HideSolutionNode = FALSE
	EndGlobalSection
	GlobalSection(ExtensibilityGlobals) = postSolution
		SolutionGuid = {EFACD99C-706E-4C14-90D0-2CF5E67C1572}
	EndGlobalSection
EndGlobal
